// !$*UTF8*$!
{
	archiveVersion = 1;
	classes = {
	};
	objectVersion = 54;
	objects = {

/* Begin PBXBuildFile section */
		4E2BA89126FAA11600CAF060 /* MainView.swift in Sources */ = {isa = PBXBuildFile; fileRef = 4E2BA89026FAA11600CAF060 /* MainView.swift */; };
		4EA6C24D271A882100DE3316 /* AudioFXPlayer.swift in Sources */ = {isa = PBXBuildFile; fileRef = 4EA6C24C271A882000DE3316 /* AudioFXPlayer.swift */; };
		4EA6C250271A8CD300DE3316 /* InitFirestoreDatabase.swift in Sources */ = {isa = PBXBuildFile; fileRef = 4EA6C24F271A8CD300DE3316 /* InitFirestoreDatabase.swift */; };
		4EA9669226FFDB4600481D78 /* PackageView.swift in Sources */ = {isa = PBXBuildFile; fileRef = 4EA9669126FFDB4600481D78 /* PackageView.swift */; };
		4EA9669526FFF56100481D78 /* SettingsView.swift in Sources */ = {isa = PBXBuildFile; fileRef = 4EA9669426FFF56100481D78 /* SettingsView.swift */; };
		4EB0EB0826F56D8B00B17E85 /* GoogleService-Info.plist in Resources */ = {isa = PBXBuildFile; fileRef = 4EB0EB0726F56D8B00B17E85 /* GoogleService-Info.plist */; };
		4EB0EB0B26F595D300B17E85 /* FirebaseAuth in Frameworks */ = {isa = PBXBuildFile; productRef = 4EB0EB0A26F595D300B17E85 /* FirebaseAuth */; };
		4EB0EB0D26F595D300B17E85 /* FirebaseFirestore in Frameworks */ = {isa = PBXBuildFile; productRef = 4EB0EB0C26F595D300B17E85 /* FirebaseFirestore */; };
		4EB0EB0F26F5A71800B17E85 /* UserModel.swift in Sources */ = {isa = PBXBuildFile; fileRef = 4EB0EB0E26F5A71800B17E85 /* UserModel.swift */; };
		4EB0EB1126F5A80400B17E85 /* WelcomeView.swift in Sources */ = {isa = PBXBuildFile; fileRef = 4EB0EB1026F5A80400B17E85 /* WelcomeView.swift */; };
		4EB0EB1326F5A80F00B17E85 /* LoginView.swift in Sources */ = {isa = PBXBuildFile; fileRef = 4EB0EB1226F5A80F00B17E85 /* LoginView.swift */; };
		4EB0EB1526F5A81A00B17E85 /* RegisterView.swift in Sources */ = {isa = PBXBuildFile; fileRef = 4EB0EB1426F5A81A00B17E85 /* RegisterView.swift */; };
		4EB0EB1726F5B91F00B17E85 /* PlaceholderExtension.swift in Sources */ = {isa = PBXBuildFile; fileRef = 4EB0EB1626F5B91F00B17E85 /* PlaceholderExtension.swift */; };
		4EB0EB1926F88DA000B17E85 /* DestinationListView.swift in Sources */ = {isa = PBXBuildFile; fileRef = 4EB0EB1826F88DA000B17E85 /* DestinationListView.swift */; };
		4EB0EB1B26F88F5600B17E85 /* DestinationPromotionsView.swift in Sources */ = {isa = PBXBuildFile; fileRef = 4EB0EB1A26F88F5600B17E85 /* DestinationPromotionsView.swift */; };
		4EB0EB1D26F9B0E100B17E85 /* DestinationGridItemView.swift in Sources */ = {isa = PBXBuildFile; fileRef = 4EB0EB1C26F9B0E100B17E85 /* DestinationGridItemView.swift */; };
		B883F7B026D1D94E007EC9B8 /* LikedView.swift in Sources */ = {isa = PBXBuildFile; fileRef = B883F7AF26D1D94E007EC9B8 /* LikedView.swift */; };
		B883F7B226D1D962007EC9B8 /* DislikedView.swift in Sources */ = {isa = PBXBuildFile; fileRef = B883F7B126D1D962007EC9B8 /* DislikedView.swift */; };
		B8E5A0FB26CE13D700B3D7A7 /* HoneymoonApp.swift in Sources */ = {isa = PBXBuildFile; fileRef = B8E5A0FA26CE13D700B3D7A7 /* HoneymoonApp.swift */; };
		B8E5A0FD26CE13D700B3D7A7 /* ContentView.swift in Sources */ = {isa = PBXBuildFile; fileRef = B8E5A0FC26CE13D700B3D7A7 /* ContentView.swift */; };
		B8E5A0FF26CE13D800B3D7A7 /* Assets.xcassets in Resources */ = {isa = PBXBuildFile; fileRef = B8E5A0FE26CE13D800B3D7A7 /* Assets.xcassets */; };
		B8E5A10226CE13D800B3D7A7 /* Preview Assets.xcassets in Resources */ = {isa = PBXBuildFile; fileRef = B8E5A10126CE13D800B3D7A7 /* Preview Assets.xcassets */; };
		B8E5A11026CE144D00B3D7A7 /* sound-rise.mp3 in Resources */ = {isa = PBXBuildFile; fileRef = B8E5A10E26CE144D00B3D7A7 /* sound-rise.mp3 */; };
		B8E5A11126CE144D00B3D7A7 /* sound-click.mp3 in Resources */ = {isa = PBXBuildFile; fileRef = B8E5A10F26CE144D00B3D7A7 /* sound-click.mp3 */; };
		B8E5A12126CF040900B3D7A7 /* DestinationModel.swift in Sources */ = {isa = PBXBuildFile; fileRef = B8E5A12026CF040900B3D7A7 /* DestinationModel.swift */; };
		B8E5A12426CF046200B3D7A7 /* PreviewDemoDestinations.swift in Sources */ = {isa = PBXBuildFile; fileRef = B8E5A12326CF046200B3D7A7 /* PreviewDemoDestinations.swift */; };
		B8E5A12626CF04FC00B3D7A7 /* CardView.swift in Sources */ = {isa = PBXBuildFile; fileRef = B8E5A12526CF04FC00B3D7A7 /* CardView.swift */; };
		B8E5A12826CF07CB00B3D7A7 /* HeaderView.swift in Sources */ = {isa = PBXBuildFile; fileRef = B8E5A12726CF07CB00B3D7A7 /* HeaderView.swift */; };
		B8E5A12A26CF09C300B3D7A7 /* FooterView.swift in Sources */ = {isa = PBXBuildFile; fileRef = B8E5A12926CF09C300B3D7A7 /* FooterView.swift */; };
		B8E5A12D26CF0C0400B3D7A7 /* HeaderComponent.swift in Sources */ = {isa = PBXBuildFile; fileRef = B8E5A12C26CF0C0400B3D7A7 /* HeaderComponent.swift */; };
		B8E5A12F26CF0C9E00B3D7A7 /* GuideComponent.swift in Sources */ = {isa = PBXBuildFile; fileRef = B8E5A12E26CF0C9E00B3D7A7 /* GuideComponent.swift */; };
		B8E5A13126CF0EEE00B3D7A7 /* GuideView.swift in Sources */ = {isa = PBXBuildFile; fileRef = B8E5A13026CF0EEE00B3D7A7 /* GuideView.swift */; };
		B8E5A13326CF1B6D00B3D7A7 /* InfoView.swift in Sources */ = {isa = PBXBuildFile; fileRef = B8E5A13226CF1B6D00B3D7A7 /* InfoView.swift */; };
		B8E5A13626CF1DCF00B3D7A7 /* ViewModifiers.swift in Sources */ = {isa = PBXBuildFile; fileRef = B8E5A13526CF1DCF00B3D7A7 /* ViewModifiers.swift */; };
		B8E5A13D26CF26C800B3D7A7 /* AppInfoView.swift in Sources */ = {isa = PBXBuildFile; fileRef = B8E5A13C26CF26C800B3D7A7 /* AppInfoView.swift */; };
		B8E5A13F26CF271000B3D7A7 /* RowAppInfoView.swift in Sources */ = {isa = PBXBuildFile; fileRef = B8E5A13E26CF271000B3D7A7 /* RowAppInfoView.swift */; };
		B8E5A14126CF272D00B3D7A7 /* LinkRowAppInfoView.swift in Sources */ = {isa = PBXBuildFile; fileRef = B8E5A14026CF272D00B3D7A7 /* LinkRowAppInfoView.swift */; };
		B8E5A14326CF274400B3D7A7 /* CreditsView.swift in Sources */ = {isa = PBXBuildFile; fileRef = B8E5A14226CF274400B3D7A7 /* CreditsView.swift */; };
		B8E5A14726D0922500B3D7A7 /* CardTransition.swift in Sources */ = {isa = PBXBuildFile; fileRef = B8E5A14626D0922500B3D7A7 /* CardTransition.swift */; };
		B8E5A14A26D094DC00B3D7A7 /* Haptics Feedback.swift in Sources */ = {isa = PBXBuildFile; fileRef = B8E5A14926D094DC00B3D7A7 /* Haptics Feedback.swift */; };
		B8E5A17A26D1B34500B3D7A7 /* Launch Screen.storyboard in Resources */ = {isa = PBXBuildFile; fileRef = B8E5A17926D1B34500B3D7A7 /* Launch Screen.storyboard */; };
/* End PBXBuildFile section */

/* Begin PBXFileReference section */
		4E2BA89026FAA11600CAF060 /* MainView.swift */ = {isa = PBXFileReference; lastKnownFileType = sourcecode.swift; path = MainView.swift; sourceTree = "<group>"; };
		4EA6C24C271A882000DE3316 /* AudioFXPlayer.swift */ = {isa = PBXFileReference; lastKnownFileType = sourcecode.swift; path = AudioFXPlayer.swift; sourceTree = "<group>"; };
		4EA6C24F271A8CD300DE3316 /* InitFirestoreDatabase.swift */ = {isa = PBXFileReference; lastKnownFileType = sourcecode.swift; path = InitFirestoreDatabase.swift; sourceTree = "<group>"; };
		4EA9669126FFDB4600481D78 /* PackageView.swift */ = {isa = PBXFileReference; lastKnownFileType = sourcecode.swift; path = PackageView.swift; sourceTree = "<group>"; };
		4EA9669426FFF56100481D78 /* SettingsView.swift */ = {isa = PBXFileReference; lastKnownFileType = sourcecode.swift; path = SettingsView.swift; sourceTree = "<group>"; };
		4EB0EAFD26F46F0900B17E85 /* CoreData.framework */ = {isa = PBXFileReference; lastKnownFileType = wrapper.framework; name = CoreData.framework; path = System/Library/Frameworks/CoreData.framework; sourceTree = SDKROOT; };
		4EB0EB0726F56D8B00B17E85 /* GoogleService-Info.plist */ = {isa = PBXFileReference; fileEncoding = 4; lastKnownFileType = text.plist.xml; path = "GoogleService-Info.plist"; sourceTree = "<group>"; };
		4EB0EB0E26F5A71800B17E85 /* UserModel.swift */ = {isa = PBXFileReference; lastKnownFileType = sourcecode.swift; path = UserModel.swift; sourceTree = "<group>"; };
		4EB0EB1026F5A80400B17E85 /* WelcomeView.swift */ = {isa = PBXFileReference; lastKnownFileType = sourcecode.swift; path = WelcomeView.swift; sourceTree = "<group>"; };
		4EB0EB1226F5A80F00B17E85 /* LoginView.swift */ = {isa = PBXFileReference; lastKnownFileType = sourcecode.swift; path = LoginView.swift; sourceTree = "<group>"; };
		4EB0EB1426F5A81A00B17E85 /* RegisterView.swift */ = {isa = PBXFileReference; lastKnownFileType = sourcecode.swift; path = RegisterView.swift; sourceTree = "<group>"; };
		4EB0EB1626F5B91F00B17E85 /* PlaceholderExtension.swift */ = {isa = PBXFileReference; lastKnownFileType = sourcecode.swift; path = PlaceholderExtension.swift; sourceTree = "<group>"; };
		4EB0EB1826F88DA000B17E85 /* DestinationListView.swift */ = {isa = PBXFileReference; lastKnownFileType = sourcecode.swift; path = DestinationListView.swift; sourceTree = "<group>"; };
		4EB0EB1A26F88F5600B17E85 /* DestinationPromotionsView.swift */ = {isa = PBXFileReference; lastKnownFileType = sourcecode.swift; path = DestinationPromotionsView.swift; sourceTree = "<group>"; };
		4EB0EB1C26F9B0E100B17E85 /* DestinationGridItemView.swift */ = {isa = PBXFileReference; lastKnownFileType = sourcecode.swift; path = DestinationGridItemView.swift; sourceTree = "<group>"; };
		B883F7AF26D1D94E007EC9B8 /* LikedView.swift */ = {isa = PBXFileReference; lastKnownFileType = sourcecode.swift; path = LikedView.swift; sourceTree = "<group>"; };
		B883F7B126D1D962007EC9B8 /* DislikedView.swift */ = {isa = PBXFileReference; lastKnownFileType = sourcecode.swift; path = DislikedView.swift; sourceTree = "<group>"; };
		B8E5A0F726CE13D700B3D7A7 /* Honeymoon.app */ = {isa = PBXFileReference; explicitFileType = wrapper.application; includeInIndex = 0; path = Honeymoon.app; sourceTree = BUILT_PRODUCTS_DIR; };
		B8E5A0FA26CE13D700B3D7A7 /* HoneymoonApp.swift */ = {isa = PBXFileReference; lastKnownFileType = sourcecode.swift; path = HoneymoonApp.swift; sourceTree = "<group>"; };
		B8E5A0FC26CE13D700B3D7A7 /* ContentView.swift */ = {isa = PBXFileReference; lastKnownFileType = sourcecode.swift; path = ContentView.swift; sourceTree = "<group>"; };
		B8E5A0FE26CE13D800B3D7A7 /* Assets.xcassets */ = {isa = PBXFileReference; lastKnownFileType = folder.assetcatalog; path = Assets.xcassets; sourceTree = "<group>"; };
		B8E5A10126CE13D800B3D7A7 /* Preview Assets.xcassets */ = {isa = PBXFileReference; lastKnownFileType = folder.assetcatalog; path = "Preview Assets.xcassets"; sourceTree = "<group>"; };
		B8E5A10E26CE144D00B3D7A7 /* sound-rise.mp3 */ = {isa = PBXFileReference; lastKnownFileType = audio.mp3; path = "sound-rise.mp3"; sourceTree = "<group>"; };
		B8E5A10F26CE144D00B3D7A7 /* sound-click.mp3 */ = {isa = PBXFileReference; lastKnownFileType = audio.mp3; path = "sound-click.mp3"; sourceTree = "<group>"; };
		B8E5A11626CE167C00B3D7A7 /* Info.plist */ = {isa = PBXFileReference; lastKnownFileType = text.plist; path = Info.plist; sourceTree = "<group>"; };
		B8E5A12026CF040900B3D7A7 /* DestinationModel.swift */ = {isa = PBXFileReference; lastKnownFileType = sourcecode.swift; path = DestinationModel.swift; sourceTree = "<group>"; };
		B8E5A12326CF046200B3D7A7 /* PreviewDemoDestinations.swift */ = {isa = PBXFileReference; lastKnownFileType = sourcecode.swift; path = PreviewDemoDestinations.swift; sourceTree = "<group>"; };
		B8E5A12526CF04FC00B3D7A7 /* CardView.swift */ = {isa = PBXFileReference; lastKnownFileType = sourcecode.swift; path = CardView.swift; sourceTree = "<group>"; };
		B8E5A12726CF07CB00B3D7A7 /* HeaderView.swift */ = {isa = PBXFileReference; lastKnownFileType = sourcecode.swift; path = HeaderView.swift; sourceTree = "<group>"; };
		B8E5A12926CF09C300B3D7A7 /* FooterView.swift */ = {isa = PBXFileReference; lastKnownFileType = sourcecode.swift; path = FooterView.swift; sourceTree = "<group>"; };
		B8E5A12C26CF0C0400B3D7A7 /* HeaderComponent.swift */ = {isa = PBXFileReference; lastKnownFileType = sourcecode.swift; path = HeaderComponent.swift; sourceTree = "<group>"; };
		B8E5A12E26CF0C9E00B3D7A7 /* GuideComponent.swift */ = {isa = PBXFileReference; lastKnownFileType = sourcecode.swift; path = GuideComponent.swift; sourceTree = "<group>"; };
		B8E5A13026CF0EEE00B3D7A7 /* GuideView.swift */ = {isa = PBXFileReference; lastKnownFileType = sourcecode.swift; path = GuideView.swift; sourceTree = "<group>"; };
		B8E5A13226CF1B6D00B3D7A7 /* InfoView.swift */ = {isa = PBXFileReference; lastKnownFileType = sourcecode.swift; path = InfoView.swift; sourceTree = "<group>"; };
		B8E5A13526CF1DCF00B3D7A7 /* ViewModifiers.swift */ = {isa = PBXFileReference; lastKnownFileType = sourcecode.swift; path = ViewModifiers.swift; sourceTree = "<group>"; };
		B8E5A13C26CF26C800B3D7A7 /* AppInfoView.swift */ = {isa = PBXFileReference; lastKnownFileType = sourcecode.swift; path = AppInfoView.swift; sourceTree = "<group>"; };
		B8E5A13E26CF271000B3D7A7 /* RowAppInfoView.swift */ = {isa = PBXFileReference; lastKnownFileType = sourcecode.swift; path = RowAppInfoView.swift; sourceTree = "<group>"; };
		B8E5A14026CF272D00B3D7A7 /* LinkRowAppInfoView.swift */ = {isa = PBXFileReference; lastKnownFileType = sourcecode.swift; path = LinkRowAppInfoView.swift; sourceTree = "<group>"; };
		B8E5A14226CF274400B3D7A7 /* CreditsView.swift */ = {isa = PBXFileReference; lastKnownFileType = sourcecode.swift; path = CreditsView.swift; sourceTree = "<group>"; };
		B8E5A14626D0922500B3D7A7 /* CardTransition.swift */ = {isa = PBXFileReference; lastKnownFileType = sourcecode.swift; path = CardTransition.swift; sourceTree = "<group>"; };
		B8E5A14926D094DC00B3D7A7 /* Haptics Feedback.swift */ = {isa = PBXFileReference; lastKnownFileType = sourcecode.swift; path = "Haptics Feedback.swift"; sourceTree = "<group>"; };
		B8E5A17926D1B34500B3D7A7 /* Launch Screen.storyboard */ = {isa = PBXFileReference; fileEncoding = 4; lastKnownFileType = file.storyboard; path = "Launch Screen.storyboard"; sourceTree = "<group>"; };
/* End PBXFileReference section */

/* Begin PBXFrameworksBuildPhase section */
		B8E5A0F426CE13D700B3D7A7 /* Frameworks */ = {
			isa = PBXFrameworksBuildPhase;
			buildActionMask = 2147483647;
			files = (
				4EB0EB0B26F595D300B17E85 /* FirebaseAuth in Frameworks */,
				4EB0EB0D26F595D300B17E85 /* FirebaseFirestore in Frameworks */,
			);
			runOnlyForDeploymentPostprocessing = 0;
		};
/* End PBXFrameworksBuildPhase section */

/* Begin PBXGroup section */
		4E2BA89426FAB03400CAF060 /* AUTH */ = {
			isa = PBXGroup;
			children = (
				4EB0EB1026F5A80400B17E85 /* WelcomeView.swift */,
				4EB0EB1226F5A80F00B17E85 /* LoginView.swift */,
				4EB0EB1426F5A81A00B17E85 /* RegisterView.swift */,
			);
			path = AUTH;
			sourceTree = "<group>";
		};
		4E2BA89526FAB04E00CAF060 /* MAIN */ = {
			isa = PBXGroup;
			children = (
				4E2BA89026FAA11600CAF060 /* MainView.swift */,
				B8E5A0FC26CE13D700B3D7A7 /* ContentView.swift */,
			);
			path = MAIN;
			sourceTree = "<group>";
		};
		4E2BA89626FAB05300CAF060 /* SavedDestinations */ = {
			isa = PBXGroup;
			children = (
				B883F7AF26D1D94E007EC9B8 /* LikedView.swift */,
				B883F7B126D1D962007EC9B8 /* DislikedView.swift */,
				4EB0EB1A26F88F5600B17E85 /* DestinationPromotionsView.swift */,
			);
			path = SavedDestinations;
			sourceTree = "<group>";
		};
		4E2BA89726FAB09000CAF060 /* SETTINGS */ = {
			isa = PBXGroup;
			children = (
				B8E5A13026CF0EEE00B3D7A7 /* GuideView.swift */,
				B8E5A13226CF1B6D00B3D7A7 /* InfoView.swift */,
				4EA9669426FFF56100481D78 /* SettingsView.swift */,
			);
			path = SETTINGS;
			sourceTree = "<group>";
		};
		4EA6C24E271A8A3400DE3316 /* Data */ = {
			isa = PBXGroup;
			children = (
				B8E5A12326CF046200B3D7A7 /* PreviewDemoDestinations.swift */,
				B8E5A12026CF040900B3D7A7 /* DestinationModel.swift */,
				4EA6C24F271A8CD300DE3316 /* InitFirestoreDatabase.swift */,
			);
			path = Data;
			sourceTree = "<group>";
		};
		4EA9668E26FFDAC200481D78 /* ContentView */ = {
			isa = PBXGroup;
			children = (
				B8E5A12526CF04FC00B3D7A7 /* CardView.swift */,
				B8E5A12726CF07CB00B3D7A7 /* HeaderView.swift */,
				B8E5A12926CF09C300B3D7A7 /* FooterView.swift */,
			);
			path = ContentView;
			sourceTree = "<group>";
		};
		4EA9668F26FFDADD00481D78 /* SavedDestinationsViews */ = {
			isa = PBXGroup;
			children = (
				4EB0EB1826F88DA000B17E85 /* DestinationListView.swift */,
				4EB0EB1C26F9B0E100B17E85 /* DestinationGridItemView.swift */,
				4EA9669126FFDB4600481D78 /* PackageView.swift */,
			);
			path = SavedDestinationsViews;
			sourceTree = "<group>";
		};
		B8E5A0EE26CE13D700B3D7A7 = {
			isa = PBXGroup;
			children = (
				B8E5A10D26CE144D00B3D7A7 /* Sounds */,
				B8E5A0F926CE13D700B3D7A7 /* Honeymoon */,
				B8E5A0F826CE13D700B3D7A7 /* Products */,
				B8E5A14B26D0B66C00B3D7A7 /* Frameworks */,
			);
			sourceTree = "<group>";
		};
		B8E5A0F826CE13D700B3D7A7 /* Products */ = {
			isa = PBXGroup;
			children = (
				B8E5A0F726CE13D700B3D7A7 /* Honeymoon.app */,
			);
			name = Products;
			sourceTree = "<group>";
		};
		B8E5A0F926CE13D700B3D7A7 /* Honeymoon */ = {
			isa = PBXGroup;
			children = (
				B8E5A0FA26CE13D700B3D7A7 /* HoneymoonApp.swift */,
				4EA6C24E271A8A3400DE3316 /* Data */,
				B8E5A14826D094CE00B3D7A7 /* Utility */,
				B8E5A11F26CF03F700B3D7A7 /* AUTH Model */,
				B8E5A11426CE153500B3D7A7 /* View */,
				B8E5A0FE26CE13D800B3D7A7 /* Assets.xcassets */,
				B8E5A17926D1B34500B3D7A7 /* Launch Screen.storyboard */,
				4EB0EB0726F56D8B00B17E85 /* GoogleService-Info.plist */,
				B8E5A11626CE167C00B3D7A7 /* Info.plist */,
				B8E5A10026CE13D800B3D7A7 /* Preview Content */,
			);
			path = Honeymoon;
			sourceTree = "<group>";
		};
		B8E5A10026CE13D800B3D7A7 /* Preview Content */ = {
			isa = PBXGroup;
			children = (
				B8E5A10126CE13D800B3D7A7 /* Preview Assets.xcassets */,
			);
			path = "Preview Content";
			sourceTree = "<group>";
		};
		B8E5A10D26CE144D00B3D7A7 /* Sounds */ = {
			isa = PBXGroup;
			children = (
				B8E5A10E26CE144D00B3D7A7 /* sound-rise.mp3 */,
				B8E5A10F26CE144D00B3D7A7 /* sound-click.mp3 */,
			);
			path = Sounds;
			sourceTree = "<group>";
		};
		B8E5A11426CE153500B3D7A7 /* View */ = {
			isa = PBXGroup;
			children = (
				B8E5A11526CE153A00B3D7A7 /* SubViews */,
				4E2BA89626FAB05300CAF060 /* SavedDestinations */,
				4E2BA89526FAB04E00CAF060 /* MAIN */,
				4E2BA89426FAB03400CAF060 /* AUTH */,
				4E2BA89726FAB09000CAF060 /* SETTINGS */,
			);
			path = View;
			sourceTree = "<group>";
		};
		B8E5A11526CE153A00B3D7A7 /* SubViews */ = {
			isa = PBXGroup;
			children = (
				4EA9668F26FFDADD00481D78 /* SavedDestinationsViews */,
				4EA9668E26FFDAC200481D78 /* ContentView */,
				B8E5A14426CF8CFE00B3D7A7 /* Info&Guide Views */,
			);
			path = SubViews;
			sourceTree = "<group>";
		};
		B8E5A11F26CF03F700B3D7A7 /* AUTH Model */ = {
			isa = PBXGroup;
			children = (
				4EB0EB0E26F5A71800B17E85 /* UserModel.swift */,
			);
			path = "AUTH Model";
			sourceTree = "<group>";
		};
		B8E5A14426CF8CFE00B3D7A7 /* Info&Guide Views */ = {
			isa = PBXGroup;
			children = (
				B8E5A12C26CF0C0400B3D7A7 /* HeaderComponent.swift */,
				B8E5A12E26CF0C9E00B3D7A7 /* GuideComponent.swift */,
				B8E5A13C26CF26C800B3D7A7 /* AppInfoView.swift */,
				B8E5A13E26CF271000B3D7A7 /* RowAppInfoView.swift */,
				B8E5A14026CF272D00B3D7A7 /* LinkRowAppInfoView.swift */,
				B8E5A14226CF274400B3D7A7 /* CreditsView.swift */,
			);
			path = "Info&Guide Views";
			sourceTree = "<group>";
		};
		B8E5A14826D094CE00B3D7A7 /* Utility */ = {
			isa = PBXGroup;
			children = (
				B8E5A13526CF1DCF00B3D7A7 /* ViewModifiers.swift */,
				B8E5A14626D0922500B3D7A7 /* CardTransition.swift */,
				B8E5A14926D094DC00B3D7A7 /* Haptics Feedback.swift */,
				4EB0EB1626F5B91F00B17E85 /* PlaceholderExtension.swift */,
				4EA6C24C271A882000DE3316 /* AudioFXPlayer.swift */,
			);
			path = Utility;
			sourceTree = "<group>";
		};
		B8E5A14B26D0B66C00B3D7A7 /* Frameworks */ = {
			isa = PBXGroup;
			children = (
				4EB0EAFD26F46F0900B17E85 /* CoreData.framework */,
			);
			name = Frameworks;
			sourceTree = "<group>";
		};
/* End PBXGroup section */

/* Begin PBXNativeTarget section */
		B8E5A0F626CE13D700B3D7A7 /* Honeymoon */ = {
			isa = PBXNativeTarget;
			buildConfigurationList = B8E5A10526CE13D800B3D7A7 /* Build configuration list for PBXNativeTarget "Honeymoon" */;
			buildPhases = (
				B8E5A0F326CE13D700B3D7A7 /* Sources */,
				B8E5A0F426CE13D700B3D7A7 /* Frameworks */,
				B8E5A0F526CE13D700B3D7A7 /* Resources */,
			);
			buildRules = (
			);
			dependencies = (
			);
			name = Honeymoon;
			packageProductDependencies = (
				4EB0EB0A26F595D300B17E85 /* FirebaseAuth */,
				4EB0EB0C26F595D300B17E85 /* FirebaseFirestore */,
			);
			productName = Honeymoon;
			productReference = B8E5A0F726CE13D700B3D7A7 /* Honeymoon.app */;
			productType = "com.apple.product-type.application";
		};
/* End PBXNativeTarget section */

/* Begin PBXProject section */
		B8E5A0EF26CE13D700B3D7A7 /* Project object */ = {
			isa = PBXProject;
			attributes = {
				BuildIndependentTargetsInParallel = 1;
				LastSwiftUpdateCheck = 1300;
				LastUpgradeCheck = 1300;
				TargetAttributes = {
					B8E5A0F626CE13D700B3D7A7 = {
						CreatedOnToolsVersion = 13.0;
					};
				};
			};
			buildConfigurationList = B8E5A0F226CE13D700B3D7A7 /* Build configuration list for PBXProject "Honeymoon" */;
			compatibilityVersion = "Xcode 12.0";
			developmentRegion = en;
			hasScannedForEncodings = 0;
			knownRegions = (
				en,
				Base,
			);
			mainGroup = B8E5A0EE26CE13D700B3D7A7;
			packageReferences = (
				4EB0EB0926F595D300B17E85 /* XCRemoteSwiftPackageReference "firebase-ios-sdk" */,
			);
			productRefGroup = B8E5A0F826CE13D700B3D7A7 /* Products */;
			projectDirPath = "";
			projectRoot = "";
			targets = (
				B8E5A0F626CE13D700B3D7A7 /* Honeymoon */,
			);
		};
/* End PBXProject section */

/* Begin PBXResourcesBuildPhase section */
		B8E5A0F526CE13D700B3D7A7 /* Resources */ = {
			isa = PBXResourcesBuildPhase;
			buildActionMask = 2147483647;
			files = (
				B8E5A11026CE144D00B3D7A7 /* sound-rise.mp3 in Resources */,
				4EB0EB0826F56D8B00B17E85 /* GoogleService-Info.plist in Resources */,
				B8E5A11126CE144D00B3D7A7 /* sound-click.mp3 in Resources */,
				B8E5A10226CE13D800B3D7A7 /* Preview Assets.xcassets in Resources */,
				B8E5A17A26D1B34500B3D7A7 /* Launch Screen.storyboard in Resources */,
				B8E5A0FF26CE13D800B3D7A7 /* Assets.xcassets in Resources */,
			);
			runOnlyForDeploymentPostprocessing = 0;
		};
/* End PBXResourcesBuildPhase section */

/* Begin PBXSourcesBuildPhase section */
		B8E5A0F326CE13D700B3D7A7 /* Sources */ = {
			isa = PBXSourcesBuildPhase;
			buildActionMask = 2147483647;
			files = (
				B8E5A14A26D094DC00B3D7A7 /* Haptics Feedback.swift in Sources */,
				4EB0EB1926F88DA000B17E85 /* DestinationListView.swift in Sources */,
				4EB0EB0F26F5A71800B17E85 /* UserModel.swift in Sources */,
				4EB0EB1D26F9B0E100B17E85 /* DestinationGridItemView.swift in Sources */,
				4EB0EB1B26F88F5600B17E85 /* DestinationPromotionsView.swift in Sources */,
				B883F7B226D1D962007EC9B8 /* DislikedView.swift in Sources */,
				B8E5A12126CF040900B3D7A7 /* DestinationModel.swift in Sources */,
				4EB0EB1326F5A80F00B17E85 /* LoginView.swift in Sources */,
				B8E5A13326CF1B6D00B3D7A7 /* InfoView.swift in Sources */,
				4EA9669226FFDB4600481D78 /* PackageView.swift in Sources */,
				4EA6C250271A8CD300DE3316 /* InitFirestoreDatabase.swift in Sources */,
				B8E5A12A26CF09C300B3D7A7 /* FooterView.swift in Sources */,
				4EA6C24D271A882100DE3316 /* AudioFXPlayer.swift in Sources */,
				4EB0EB1726F5B91F00B17E85 /* PlaceholderExtension.swift in Sources */,
				B8E5A13626CF1DCF00B3D7A7 /* ViewModifiers.swift in Sources */,
				B8E5A12826CF07CB00B3D7A7 /* HeaderView.swift in Sources */,
				B8E5A14326CF274400B3D7A7 /* CreditsView.swift in Sources */,
				B8E5A14726D0922500B3D7A7 /* CardTransition.swift in Sources */,
				B8E5A0FD26CE13D700B3D7A7 /* ContentView.swift in Sources */,
				B8E5A12D26CF0C0400B3D7A7 /* HeaderComponent.swift in Sources */,
				B883F7B026D1D94E007EC9B8 /* LikedView.swift in Sources */,
				B8E5A14126CF272D00B3D7A7 /* LinkRowAppInfoView.swift in Sources */,
				B8E5A12426CF046200B3D7A7 /* PreviewDemoDestinations.swift in Sources */,
				B8E5A0FB26CE13D700B3D7A7 /* HoneymoonApp.swift in Sources */,
				B8E5A13F26CF271000B3D7A7 /* RowAppInfoView.swift in Sources */,
				4EB0EB1126F5A80400B17E85 /* WelcomeView.swift in Sources */,
				B8E5A13D26CF26C800B3D7A7 /* AppInfoView.swift in Sources */,
				B8E5A12626CF04FC00B3D7A7 /* CardView.swift in Sources */,
				4E2BA89126FAA11600CAF060 /* MainView.swift in Sources */,
				4EB0EB1526F5A81A00B17E85 /* RegisterView.swift in Sources */,
				B8E5A12F26CF0C9E00B3D7A7 /* GuideComponent.swift in Sources */,
				4EA9669526FFF56100481D78 /* SettingsView.swift in Sources */,
				B8E5A13126CF0EEE00B3D7A7 /* GuideView.swift in Sources */,
			);
			runOnlyForDeploymentPostprocessing = 0;
		};
/* End PBXSourcesBuildPhase section */

/* Begin XCBuildConfiguration section */
		B8E5A10326CE13D800B3D7A7 /* Debug */ = {
			isa = XCBuildConfiguration;
			buildSettings = {
				ALWAYS_SEARCH_USER_PATHS = NO;
				CLANG_ANALYZER_NONNULL = YES;
				CLANG_ANALYZER_NUMBER_OBJECT_CONVERSION = YES_AGGRESSIVE;
				CLANG_CXX_LANGUAGE_STANDARD = "gnu++14";
				CLANG_CXX_LIBRARY = "libc++";
				CLANG_ENABLE_MODULES = YES;
				CLANG_ENABLE_OBJC_ARC = YES;
				CLANG_ENABLE_OBJC_WEAK = YES;
				CLANG_WARN_BLOCK_CAPTURE_AUTORELEASING = YES;
				CLANG_WARN_BOOL_CONVERSION = YES;
				CLANG_WARN_COMMA = YES;
				CLANG_WARN_CONSTANT_CONVERSION = YES;
				CLANG_WARN_DEPRECATED_OBJC_IMPLEMENTATIONS = YES;
				CLANG_WARN_DIRECT_OBJC_ISA_USAGE = YES_ERROR;
				CLANG_WARN_DOCUMENTATION_COMMENTS = YES;
				CLANG_WARN_EMPTY_BODY = YES;
				CLANG_WARN_ENUM_CONVERSION = YES;
				CLANG_WARN_INFINITE_RECURSION = YES;
				CLANG_WARN_INT_CONVERSION = YES;
				CLANG_WARN_NON_LITERAL_NULL_CONVERSION = YES;
				CLANG_WARN_OBJC_IMPLICIT_RETAIN_SELF = YES;
				CLANG_WARN_OBJC_LITERAL_CONVERSION = YES;
				CLANG_WARN_OBJC_ROOT_CLASS = YES_ERROR;
				CLANG_WARN_QUOTED_INCLUDE_IN_FRAMEWORK_HEADER = YES;
				CLANG_WARN_RANGE_LOOP_ANALYSIS = YES;
				CLANG_WARN_STRICT_PROTOTYPES = YES;
				CLANG_WARN_SUSPICIOUS_MOVE = YES;
				CLANG_WARN_UNGUARDED_AVAILABILITY = YES_AGGRESSIVE;
				CLANG_WARN_UNREACHABLE_CODE = YES;
				CLANG_WARN__DUPLICATE_METHOD_MATCH = YES;
				COPY_PHASE_STRIP = NO;
				DEBUG_INFORMATION_FORMAT = dwarf;
				ENABLE_STRICT_OBJC_MSGSEND = YES;
				ENABLE_TESTABILITY = YES;
				GCC_C_LANGUAGE_STANDARD = gnu11;
				GCC_DYNAMIC_NO_PIC = NO;
				GCC_NO_COMMON_BLOCKS = YES;
				GCC_OPTIMIZATION_LEVEL = 0;
				GCC_PREPROCESSOR_DEFINITIONS = (
					"DEBUG=1",
					"$(inherited)",
				);
				GCC_WARN_64_TO_32_BIT_CONVERSION = YES;
				GCC_WARN_ABOUT_RETURN_TYPE = YES_ERROR;
				GCC_WARN_UNDECLARED_SELECTOR = YES;
				GCC_WARN_UNINITIALIZED_AUTOS = YES_AGGRESSIVE;
				GCC_WARN_UNUSED_FUNCTION = YES;
				GCC_WARN_UNUSED_VARIABLE = YES;
				IPHONEOS_DEPLOYMENT_TARGET = 15.0;
				MTL_ENABLE_DEBUG_INFO = INCLUDE_SOURCE;
				MTL_FAST_MATH = YES;
				ONLY_ACTIVE_ARCH = YES;
				SDKROOT = iphoneos;
				SWIFT_ACTIVE_COMPILATION_CONDITIONS = DEBUG;
				SWIFT_OPTIMIZATION_LEVEL = "-Onone";
			};
			name = Debug;
		};
		B8E5A10426CE13D800B3D7A7 /* Release */ = {
			isa = XCBuildConfiguration;
			buildSettings = {
				ALWAYS_SEARCH_USER_PATHS = NO;
				CLANG_ANALYZER_NONNULL = YES;
				CLANG_ANALYZER_NUMBER_OBJECT_CONVERSION = YES_AGGRESSIVE;
				CLANG_CXX_LANGUAGE_STANDARD = "gnu++14";
				CLANG_CXX_LIBRARY = "libc++";
				CLANG_ENABLE_MODULES = YES;
				CLANG_ENABLE_OBJC_ARC = YES;
				CLANG_ENABLE_OBJC_WEAK = YES;
				CLANG_WARN_BLOCK_CAPTURE_AUTORELEASING = YES;
				CLANG_WARN_BOOL_CONVERSION = YES;
				CLANG_WARN_COMMA = YES;
				CLANG_WARN_CONSTANT_CONVERSION = YES;
				CLANG_WARN_DEPRECATED_OBJC_IMPLEMENTATIONS = YES;
				CLANG_WARN_DIRECT_OBJC_ISA_USAGE = YES_ERROR;
				CLANG_WARN_DOCUMENTATION_COMMENTS = YES;
				CLANG_WARN_EMPTY_BODY = YES;
				CLANG_WARN_ENUM_CONVERSION = YES;
				CLANG_WARN_INFINITE_RECURSION = YES;
				CLANG_WARN_INT_CONVERSION = YES;
				CLANG_WARN_NON_LITERAL_NULL_CONVERSION = YES;
				CLANG_WARN_OBJC_IMPLICIT_RETAIN_SELF = YES;
				CLANG_WARN_OBJC_LITERAL_CONVERSION = YES;
				CLANG_WARN_OBJC_ROOT_CLASS = YES_ERROR;
				CLANG_WARN_QUOTED_INCLUDE_IN_FRAMEWORK_HEADER = YES;
				CLANG_WARN_RANGE_LOOP_ANALYSIS = YES;
				CLANG_WARN_STRICT_PROTOTYPES = YES;
				CLANG_WARN_SUSPICIOUS_MOVE = YES;
				CLANG_WARN_UNGUARDED_AVAILABILITY = YES_AGGRESSIVE;
				CLANG_WARN_UNREACHABLE_CODE = YES;
				CLANG_WARN__DUPLICATE_METHOD_MATCH = YES;
				COPY_PHASE_STRIP = NO;
				DEBUG_INFORMATION_FORMAT = "dwarf-with-dsym";
				ENABLE_NS_ASSERTIONS = NO;
				ENABLE_STRICT_OBJC_MSGSEND = YES;
				GCC_C_LANGUAGE_STANDARD = gnu11;
				GCC_NO_COMMON_BLOCKS = YES;
				GCC_WARN_64_TO_32_BIT_CONVERSION = YES;
				GCC_WARN_ABOUT_RETURN_TYPE = YES_ERROR;
				GCC_WARN_UNDECLARED_SELECTOR = YES;
				GCC_WARN_UNINITIALIZED_AUTOS = YES_AGGRESSIVE;
				GCC_WARN_UNUSED_FUNCTION = YES;
				GCC_WARN_UNUSED_VARIABLE = YES;
				IPHONEOS_DEPLOYMENT_TARGET = 15.0;
				MTL_ENABLE_DEBUG_INFO = NO;
				MTL_FAST_MATH = YES;
				SDKROOT = iphoneos;
				SWIFT_COMPILATION_MODE = wholemodule;
				SWIFT_OPTIMIZATION_LEVEL = "-O";
				VALIDATE_PRODUCT = YES;
			};
			name = Release;
		};
		B8E5A10626CE13D800B3D7A7 /* Debug */ = {
			isa = XCBuildConfiguration;
			buildSettings = {
				ASSETCATALOG_COMPILER_APPICON_NAME = AppIcon;
				ASSETCATALOG_COMPILER_GLOBAL_ACCENT_COLOR_NAME = AccentColor;
				CODE_SIGN_STYLE = Automatic;
				CURRENT_PROJECT_VERSION = 1;
				DEVELOPMENT_ASSET_PATHS = "\"Honeymoon/Preview Content\"";
				DEVELOPMENT_TEAM = J3NHST4UPX;
				ENABLE_PREVIEWS = YES;
				GENERATE_INFOPLIST_FILE = YES;
				INFOPLIST_FILE = Honeymoon/Info.plist;
				INFOPLIST_KEY_CFBundleExecutable = Honeymoon;
				INFOPLIST_KEY_CFBundleName = Honeymoon;
				INFOPLIST_KEY_CFBundleVersion = 1;
				INFOPLIST_KEY_UIApplicationSceneManifest_Generation = YES;
				INFOPLIST_KEY_UIApplicationSupportsIndirectInputEvents = YES;
				INFOPLIST_KEY_UILaunchStoryboardName = "Launch Screen";
				INFOPLIST_KEY_UISupportedInterfaceOrientations = UIInterfaceOrientationPortrait;
				INFOPLIST_KEY_UISupportedInterfaceOrientations_iPad = "UIInterfaceOrientationPortrait UIInterfaceOrientationPortraitUpsideDown UIInterfaceOrientationLandscapeLeft UIInterfaceOrientationLandscapeRight";
				INFOPLIST_KEY_UISupportedInterfaceOrientations_iPhone = UIInterfaceOrientationPortrait;
				IPHONEOS_DEPLOYMENT_TARGET = 15.0;
				LD_RUNPATH_SEARCH_PATHS = (
					"$(inherited)",
					"@executable_path/Frameworks",
				);
				MARKETING_VERSION = 1.0;
				PRODUCT_BUNDLE_IDENTIFIER = com.Cristiano.Honeymoon;
				PRODUCT_NAME = "$(TARGET_NAME)";
				SWIFT_EMIT_LOC_STRINGS = YES;
				SWIFT_VERSION = 5.0;
				TARGETED_DEVICE_FAMILY = "1,2";
			};
			name = Debug;
		};
		B8E5A10726CE13D800B3D7A7 /* Release */ = {
			isa = XCBuildConfiguration;
			buildSettings = {
				ASSETCATALOG_COMPILER_APPICON_NAME = AppIcon;
				ASSETCATALOG_COMPILER_GLOBAL_ACCENT_COLOR_NAME = AccentColor;
				CODE_SIGN_STYLE = Automatic;
				CURRENT_PROJECT_VERSION = 1;
				DEVELOPMENT_ASSET_PATHS = "\"Honeymoon/Preview Content\"";
				DEVELOPMENT_TEAM = J3NHST4UPX;
				ENABLE_PREVIEWS = YES;
				GENERATE_INFOPLIST_FILE = YES;
				INFOPLIST_FILE = Honeymoon/Info.plist;
				INFOPLIST_KEY_CFBundleExecutable = Honeymoon;
				INFOPLIST_KEY_CFBundleName = Honeymoon;
				INFOPLIST_KEY_CFBundleVersion = 1;
				INFOPLIST_KEY_UIApplicationSceneManifest_Generation = YES;
				INFOPLIST_KEY_UIApplicationSupportsIndirectInputEvents = YES;
				INFOPLIST_KEY_UILaunchStoryboardName = "Launch Screen";
				INFOPLIST_KEY_UISupportedInterfaceOrientations = UIInterfaceOrientationPortrait;
				INFOPLIST_KEY_UISupportedInterfaceOrientations_iPad = "UIInterfaceOrientationPortrait UIInterfaceOrientationPortraitUpsideDown UIInterfaceOrientationLandscapeLeft UIInterfaceOrientationLandscapeRight";
				INFOPLIST_KEY_UISupportedInterfaceOrientations_iPhone = UIInterfaceOrientationPortrait;
				IPHONEOS_DEPLOYMENT_TARGET = 15.0;
				LD_RUNPATH_SEARCH_PATHS = (
					"$(inherited)",
					"@executable_path/Frameworks",
				);
				MARKETING_VERSION = 1.0;
				PRODUCT_BUNDLE_IDENTIFIER = com.Cristiano.Honeymoon;
				PRODUCT_NAME = "$(TARGET_NAME)";
				SWIFT_EMIT_LOC_STRINGS = YES;
				SWIFT_VERSION = 5.0;
				TARGETED_DEVICE_FAMILY = "1,2";
			};
			name = Release;
		};
/* End XCBuildConfiguration section */

/* Begin XCConfigurationList section */
		B8E5A0F226CE13D700B3D7A7 /* Build configuration list for PBXProject "Honeymoon" */ = {
			isa = XCConfigurationList;
			buildConfigurations = (
				B8E5A10326CE13D800B3D7A7 /* Debug */,
				B8E5A10426CE13D800B3D7A7 /* Release */,
			);
			defaultConfigurationIsVisible = 0;
			defaultConfigurationName = Release;
		};
		B8E5A10526CE13D800B3D7A7 /* Build configuration list for PBXNativeTarget "Honeymoon" */ = {
			isa = XCConfigurationList;
			buildConfigurations = (
				B8E5A10626CE13D800B3D7A7 /* Debug */,
				B8E5A10726CE13D800B3D7A7 /* Release */,
			);
			defaultConfigurationIsVisible = 0;
			defaultConfigurationName = Release;
		};
/* End XCConfigurationList section */

/* Begin XCRemoteSwiftPackageReference section */
		4EB0EB0926F595D300B17E85 /* XCRemoteSwiftPackageReference "firebase-ios-sdk" */ = {
			isa = XCRemoteSwiftPackageReference;
			repositoryURL = "https://github.com/firebase/firebase-ios-sdk.git";
			requirement = {
				kind = upToNextMajorVersion;
				minimumVersion = 8.7.0;
			};
		};
/* End XCRemoteSwiftPackageReference section */

/* Begin XCSwiftPackageProductDependency section */
		4EB0EB0A26F595D300B17E85 /* FirebaseAuth */ = {
			isa = XCSwiftPackageProductDependency;
			package = 4EB0EB0926F595D300B17E85 /* XCRemoteSwiftPackageReference "firebase-ios-sdk" */;
			productName = FirebaseAuth;
		};
		4EB0EB0C26F595D300B17E85 /* FirebaseFirestore */ = {
			isa = XCSwiftPackageProductDependency;
			package = 4EB0EB0926F595D300B17E85 /* XCRemoteSwiftPackageReference "firebase-ios-sdk" */;
			productName = FirebaseFirestore;
		};
/* End XCSwiftPackageProductDependency section */
	};
	rootObject = B8E5A0EF26CE13D700B3D7A7 /* Project object */;
}
